
Microsoft Visual Studio Solution File, Format Version 12.00
# Visual Studio Version 17
VisualStudioVersion = 17.3.32922.545
MinimumVisualStudioVersion = 10.0.40219.1
Project("{FAE04EC0-301F-11D3-BF4B-00C04F79EFBC}") = "API", "API.csproj", "{65262C7E-A436-4FDD-ABA1-C12693F7DE80}"
EndProject
Global
	GlobalSection(SolutionConfigurationPlatforms) = preSolution
		Debug|Any CPU = Debug|Any CPU
		Release|Any CPU = Release|Any CPU
	EndGlobalSection
	GlobalSection(ProjectConfigurationPlatforms) = postSolution
		{65262C7E-A436-4FDD-ABA1-C12693F7DE80}.Debug|Any CPU.ActiveCfg = Debug|Any CPU
		{65262C7E-A436-4FDD-ABA1-C12693F7DE80}.Debug|Any CPU.Build.0 = Debug|Any CPU
		{65262C7E-A436-4FDD-ABA1-C12693F7DE80}.Release|Any CPU.ActiveCfg = Release|Any CPU
		{65262C7E-A436-4FDD-ABA1-C12693F7DE80}.Release|Any CPU.Build.0 = Release|Any CPU
	EndGlobalSection
	GlobalSection(SolutionProperties) = preSolution
		HideSolutionNode = FALSE
	EndGlobalSection
	GlobalSection(ExtensibilityGlobals) = postSolution
		SolutionGuid = {6B4B7DD7-332A-4359-ADC5-240DB2283E05}
	EndGlobalSection
EndGlobal
